
Microsoft Visual Studio Solution File, Format Version 12.00
# Visual Studio Version 17
VisualStudioVersion = 17.6.33815.320
MinimumVisualStudioVersion = 10.0.40219.1
Project("{FAE04EC0-301F-11D3-BF4B-00C04F79EFBC}") = "NIC", "NIC.csproj", "{104850AC-89F8-43D8-AA90-9D45034F071C}"
EndProject
Global
	GlobalSection(SolutionConfigurationPlatforms) = preSolution
		Debug|Any CPU = Debug|Any CPU
		Release|Any CPU = Release|Any CPU
	EndGlobalSection
	GlobalSection(ProjectConfigurationPlatforms) = postSolution
		{104850AC-89F8-43D8-AA90-9D45034F071C}.Debug|Any CPU.ActiveCfg = Debug|Any CPU
		{104850AC-89F8-43D8-AA90-9D45034F071C}.Debug|Any CPU.Build.0 = Debug|Any CPU
		{104850AC-89F8-43D8-AA90-9D45034F071C}.Release|Any CPU.ActiveCfg = Release|Any CPU
		{104850AC-89F8-43D8-AA90-9D45034F071C}.Release|Any CPU.Build.0 = Release|Any CPU
	EndGlobalSection
	GlobalSection(SolutionProperties) = preSolution
		HideSolutionNode = FALSE
	EndGlobalSection
	GlobalSection(ExtensibilityGlobals) = postSolution
		SolutionGuid = {92F54D42-A355-4708-8DFD-703252326B45}
	EndGlobalSection
EndGlobal
